// !$*UTF8*$!
{
	archiveVersion = 1;
	classes = {
	};
	objectVersion = 46;
	objects = {

/* Begin PBXBuildFile section */
		777F0EFAFADB5B4495C0DF9D /* libPods-HDVideo.a in Frameworks */ = {isa = PBXBuildFile; fileRef = FD1A58087492E130EAA6B40F /* libPods-HDVideo.a */; };
		841233FF1EC306FD00890759 /* HVCollectionViewCell.m in Sources */ = {isa = PBXBuildFile; fileRef = 841233FE1EC306FD00890759 /* HVCollectionViewCell.m */; };
		841AFF671ECAAB1F006532A9 /* HVViewControllerMenu.m in Sources */ = {isa = PBXBuildFile; fileRef = 841AFF661ECAAB1F006532A9 /* HVViewControllerMenu.m */; };
		841AFF6B1ECAB295006532A9 /* HVViewDetailMenu.m in Sources */ = {isa = PBXBuildFile; fileRef = 841AFF6A1ECAB295006532A9 /* HVViewDetailMenu.m */; };
		841AFF6F1ECABB43006532A9 /* HVCollectionHeaderView.m in Sources */ = {isa = PBXBuildFile; fileRef = 841AFF6E1ECABB43006532A9 /* HVCollectionHeaderView.m */; };
		84296A951ECC4A8E00E5D4B6 /* HVMovieCategoryMenu.m in Sources */ = {isa = PBXBuildFile; fileRef = 84296A941ECC4A8E00E5D4B6 /* HVMovieCategoryMenu.m */; };
		84296A981ECCA90400E5D4B6 /* HVCollectionViewCellDetailMenu.m in Sources */ = {isa = PBXBuildFile; fileRef = 84296A971ECCA90400E5D4B6 /* HVCollectionViewCellDetailMenu.m */; };
		84296A9A1ECCD33E00E5D4B6 /* avatarAppMovie.png in Resources */ = {isa = PBXBuildFile; fileRef = 84296A991ECCD33E00E5D4B6 /* avatarAppMovie.png */; };
		84320BE71EC225430003F117 /* HVPlayMovie.m in Sources */ = {isa = PBXBuildFile; fileRef = 84320BE61EC225430003F117 /* HVPlayMovie.m */; };
		844C43811EBCDDE10063080F /* HVMovieByCatgoryModel.m in Sources */ = {isa = PBXBuildFile; fileRef = 844C43801EBCDDE10063080F /* HVMovieByCatgoryModel.m */; };
		844C43841EBCDE530063080F /* HVMovieModel.m in Sources */ = {isa = PBXBuildFile; fileRef = 844C43831EBCDE530063080F /* HVMovieModel.m */; };
		84513DE71ECDEDAC00CC84F9 /* Search.png in Resources */ = {isa = PBXBuildFile; fileRef = 84513DE61ECDEDAC00CC84F9 /* Search.png */; };
		84513DEB1ECDEEC800CC84F9 /* HVSearchVC.m in Sources */ = {isa = PBXBuildFile; fileRef = 84513DEA1ECDEEC800CC84F9 /* HVSearchVC.m */; };
		84AFFCF81EC197E70014057D /* play.png in Resources */ = {isa = PBXBuildFile; fileRef = 84AFFCF71EC197E70014057D /* play.png */; };
		84AFFCFA1EC1C6F20014057D /* CoreGraphics.framework in Frameworks */ = {isa = PBXBuildFile; fileRef = 84AFFCF91EC1C6F20014057D /* CoreGraphics.framework */; };
		84AFFCFC1EC1C7010014057D /* UIKit.framework in Frameworks */ = {isa = PBXBuildFile; fileRef = 84AFFCFB1EC1C7010014057D /* UIKit.framework */; };
		84AFFCFE1EC1C7170014057D /* Foundation.framework in Frameworks */ = {isa = PBXBuildFile; fileRef = 84AFFCFD1EC1C7170014057D /* Foundation.framework */; };
		84AFFD001EC1C7360014057D /* MediaPlayer.framework in Frameworks */ = {isa = PBXBuildFile; fileRef = 84AFFCFF1EC1C7360014057D /* MediaPlayer.framework */; };
		84B6B6211ED0325C00359FB7 /* HVMovieRelativeModel.m in Sources */ = {isa = PBXBuildFile; fileRef = 84B6B6201ED0325C00359FB7 /* HVMovieRelativeModel.m */; };
		84BD75281EC0D0F300AA8CFB /* HVHomeDetail.m in Sources */ = {isa = PBXBuildFile; fileRef = 84BD75271EC0D0F300AA8CFB /* HVHomeDetail.m */; };
		84C255691ECA01CA0023A46C /* MMDrawerBarButtonItem.m in Sources */ = {isa = PBXBuildFile; fileRef = 84C255611ECA01CA0023A46C /* MMDrawerBarButtonItem.m */; };
		84C2556A1ECA01CA0023A46C /* MMDrawerController.m in Sources */ = {isa = PBXBuildFile; fileRef = 84C255631ECA01CA0023A46C /* MMDrawerController.m */; };
		84C2556B1ECA01CA0023A46C /* MMDrawerVisualState.m in Sources */ = {isa = PBXBuildFile; fileRef = 84C255661ECA01CA0023A46C /* MMDrawerVisualState.m */; };
		84C2556C1ECA01CA0023A46C /* UIViewController+MMDrawerController.m in Sources */ = {isa = PBXBuildFile; fileRef = 84C255681ECA01CA0023A46C /* UIViewController+MMDrawerController.m */; };
		84D4CE171EC40A5300B3976A /* HVCollectionReusableView.m in Sources */ = {isa = PBXBuildFile; fileRef = 84D4CE161EC40A5300B3976A /* HVCollectionReusableView.m */; };
		84F1BC2D1ECEF41C00E941DA /* logo.jpeg in Resources */ = {isa = PBXBuildFile; fileRef = 84F1BC2C1ECEF41C00E941DA /* logo.jpeg */; };
		84F1BC2F1ECEF4E900E941DA /* logo2.jpg in Resources */ = {isa = PBXBuildFile; fileRef = 84F1BC2E1ECEF4E900E941DA /* logo2.jpg */; };
		84F1BC331ECF3AB100E941DA /* HVCollectionViewCellDeatail.m in Sources */ = {isa = PBXBuildFile; fileRef = 84F1BC321ECF3AB100E941DA /* HVCollectionViewCellDeatail.m */; };
		84F3B4541EB0499900B079E5 /* AppDelegate.m in Sources */ = {isa = PBXBuildFile; fileRef = 84F3B4451EB0499900B079E5 /* AppDelegate.m */; };
		84F3B4561EB0499900B079E5 /* main.m in Sources */ = {isa = PBXBuildFile; fileRef = 84F3B4471EB0499900B079E5 /* main.m */; };
		84F3B4571EB0499900B079E5 /* Assets.xcassets in Resources */ = {isa = PBXBuildFile; fileRef = 84F3B44F1EB0499900B079E5 /* Assets.xcassets */; };
		84F3B4581EB0499900B079E5 /* LaunchScreen.storyboard in Resources */ = {isa = PBXBuildFile; fileRef = 84F3B4501EB0499900B079E5 /* LaunchScreen.storyboard */; };
		84F3B4591EB0499900B079E5 /* Main.storyboard in Resources */ = {isa = PBXBuildFile; fileRef = 84F3B4521EB0499900B079E5 /* Main.storyboard */; };
		84F3B45D1EB04A0700B079E5 /* HVBaseVC.m in Sources */ = {isa = PBXBuildFile; fileRef = 84F3B45C1EB04A0700B079E5 /* HVBaseVC.m */; };
		84F3B4641EB04A6300B079E5 /* HVHomeVC.m in Sources */ = {isa = PBXBuildFile; fileRef = 84F3B4631EB04A6300B079E5 /* HVHomeVC.m */; };
		84F3B4681EB04AA600B079E5 /* HVNetworkManager.m in Sources */ = {isa = PBXBuildFile; fileRef = 84F3B4671EB04AA600B079E5 /* HVNetworkManager.m */; };
		84F3B46B1EB04ACC00B079E5 /* HVResponseObject.m in Sources */ = {isa = PBXBuildFile; fileRef = 84F3B46A1EB04ACC00B079E5 /* HVResponseObject.m */; };
		84F3B4731EB0529700B079E5 /* HVUtil.m in Sources */ = {isa = PBXBuildFile; fileRef = 84F3B4721EB0529700B079E5 /* HVUtil.m */; };
		84FAA7A21EC6162E0050C095 /* menu.png in Resources */ = {isa = PBXBuildFile; fileRef = 84FAA7A11EC6162E0050C095 /* menu.png */; };
/* End PBXBuildFile section */

/* Begin PBXFileReference section */
		081695558B7CD2A502824211 /* Pods-HDVideo.release.xcconfig */ = {isa = PBXFileReference; includeInIndex = 1; lastKnownFileType = text.xcconfig; name = "Pods-HDVideo.release.xcconfig"; path = "Pods/Target Support Files/Pods-HDVideo/Pods-HDVideo.release.xcconfig"; sourceTree = "<group>"; };
		4A56429BE2B3CC86FD089AA4 /* Pods-HDVideo.debug.xcconfig */ = {isa = PBXFileReference; includeInIndex = 1; lastKnownFileType = text.xcconfig; name = "Pods-HDVideo.debug.xcconfig"; path = "Pods/Target Support Files/Pods-HDVideo/Pods-HDVideo.debug.xcconfig"; sourceTree = "<group>"; };
		841233FD1EC306FD00890759 /* HVCollectionViewCell.h */ = {isa = PBXFileReference; fileEncoding = 4; lastKnownFileType = sourcecode.c.h; path = HVCollectionViewCell.h; sourceTree = "<group>"; };
		841233FE1EC306FD00890759 /* HVCollectionViewCell.m */ = {isa = PBXFileReference; fileEncoding = 4; lastKnownFileType = sourcecode.c.objc; path = HVCollectionViewCell.m; sourceTree = "<group>"; };
		841AFF651ECAAB1F006532A9 /* HVViewControllerMenu.h */ = {isa = PBXFileReference; fileEncoding = 4; lastKnownFileType = sourcecode.c.h; path = HVViewControllerMenu.h; sourceTree = "<group>"; };
		841AFF661ECAAB1F006532A9 /* HVViewControllerMenu.m */ = {isa = PBXFileReference; fileEncoding = 4; lastKnownFileType = sourcecode.c.objc; path = HVViewControllerMenu.m; sourceTree = "<group>"; };
		841AFF691ECAB295006532A9 /* HVViewDetailMenu.h */ = {isa = PBXFileReference; fileEncoding = 4; lastKnownFileType = sourcecode.c.h; path = HVViewDetailMenu.h; sourceTree = "<group>"; };
		841AFF6A1ECAB295006532A9 /* HVViewDetailMenu.m */ = {isa = PBXFileReference; fileEncoding = 4; lastKnownFileType = sourcecode.c.objc; path = HVViewDetailMenu.m; sourceTree = "<group>"; };
		841AFF6D1ECABB43006532A9 /* HVCollectionHeaderView.h */ = {isa = PBXFileReference; fileEncoding = 4; lastKnownFileType = sourcecode.c.h; path = HVCollectionHeaderView.h; sourceTree = "<group>"; };
		841AFF6E1ECABB43006532A9 /* HVCollectionHeaderView.m */ = {isa = PBXFileReference; fileEncoding = 4; lastKnownFileType = sourcecode.c.objc; path = HVCollectionHeaderView.m; sourceTree = "<group>"; };
		84296A931ECC4A8E00E5D4B6 /* HVMovieCategoryMenu.h */ = {isa = PBXFileReference; fileEncoding = 4; lastKnownFileType = sourcecode.c.h; path = HVMovieCategoryMenu.h; sourceTree = "<group>"; };
		84296A941ECC4A8E00E5D4B6 /* HVMovieCategoryMenu.m */ = {isa = PBXFileReference; fileEncoding = 4; lastKnownFileType = sourcecode.c.objc; path = HVMovieCategoryMenu.m; sourceTree = "<group>"; };
		84296A961ECCA90400E5D4B6 /* HVCollectionViewCellDetailMenu.h */ = {isa = PBXFileReference; fileEncoding = 4; lastKnownFileType = sourcecode.c.h; path = HVCollectionViewCellDetailMenu.h; sourceTree = "<group>"; };
		84296A971ECCA90400E5D4B6 /* HVCollectionViewCellDetailMenu.m */ = {isa = PBXFileReference; fileEncoding = 4; lastKnownFileType = sourcecode.c.objc; path = HVCollectionViewCellDetailMenu.m; sourceTree = "<group>"; };
		84296A991ECCD33E00E5D4B6 /* avatarAppMovie.png */ = {isa = PBXFileReference; lastKnownFileType = image.png; path = avatarAppMovie.png; sourceTree = "<group>"; };
		84320BE51EC225430003F117 /* HVPlayMovie.h */ = {isa = PBXFileReference; fileEncoding = 4; lastKnownFileType = sourcecode.c.h; path = HVPlayMovie.h; sourceTree = "<group>"; };
		84320BE61EC225430003F117 /* HVPlayMovie.m */ = {isa = PBXFileReference; fileEncoding = 4; lastKnownFileType = sourcecode.c.objc; path = HVPlayMovie.m; sourceTree = "<group>"; };
		844C437F1EBCDDE10063080F /* HVMovieByCatgoryModel.h */ = {isa = PBXFileReference; fileEncoding = 4; lastKnownFileType = sourcecode.c.h; path = HVMovieByCatgoryModel.h; sourceTree = "<group>"; };
		844C43801EBCDDE10063080F /* HVMovieByCatgoryModel.m */ = {isa = PBXFileReference; fileEncoding = 4; lastKnownFileType = sourcecode.c.objc; path = HVMovieByCatgoryModel.m; sourceTree = "<group>"; };
		844C43821EBCDE530063080F /* HVMovieModel.h */ = {isa = PBXFileReference; fileEncoding = 4; lastKnownFileType = sourcecode.c.h; path = HVMovieModel.h; sourceTree = "<group>"; };
		844C43831EBCDE530063080F /* HVMovieModel.m */ = {isa = PBXFileReference; fileEncoding = 4; lastKnownFileType = sourcecode.c.objc; path = HVMovieModel.m; sourceTree = "<group>"; };
		84513DE61ECDEDAC00CC84F9 /* Search.png */ = {isa = PBXFileReference; lastKnownFileType = image.png; path = Search.png; sourceTree = "<group>"; };
		84513DE91ECDEEC800CC84F9 /* HVSearchVC.h */ = {isa = PBXFileReference; fileEncoding = 4; lastKnownFileType = sourcecode.c.h; path = HVSearchVC.h; sourceTree = "<group>"; };
		84513DEA1ECDEEC800CC84F9 /* HVSearchVC.m */ = {isa = PBXFileReference; fileEncoding = 4; lastKnownFileType = sourcecode.c.objc; path = HVSearchVC.m; sourceTree = "<group>"; };
		84AFFCF71EC197E70014057D /* play.png */ = {isa = PBXFileReference; lastKnownFileType = image.png; path = play.png; sourceTree = "<group>"; };
		84AFFCF91EC1C6F20014057D /* CoreGraphics.framework */ = {isa = PBXFileReference; lastKnownFileType = wrapper.framework; name = CoreGraphics.framework; path = System/Library/Frameworks/CoreGraphics.framework; sourceTree = SDKROOT; };
		84AFFCFB1EC1C7010014057D /* UIKit.framework */ = {isa = PBXFileReference; lastKnownFileType = wrapper.framework; name = UIKit.framework; path = System/Library/Frameworks/UIKit.framework; sourceTree = SDKROOT; };
		84AFFCFD1EC1C7170014057D /* Foundation.framework */ = {isa = PBXFileReference; lastKnownFileType = wrapper.framework; name = Foundation.framework; path = System/Library/Frameworks/Foundation.framework; sourceTree = SDKROOT; };
		84AFFCFF1EC1C7360014057D /* MediaPlayer.framework */ = {isa = PBXFileReference; lastKnownFileType = wrapper.framework; name = MediaPlayer.framework; path = System/Library/Frameworks/MediaPlayer.framework; sourceTree = SDKROOT; };
		84B6B61F1ED0325C00359FB7 /* HVMovieRelativeModel.h */ = {isa = PBXFileReference; fileEncoding = 4; lastKnownFileType = sourcecode.c.h; path = HVMovieRelativeModel.h; sourceTree = "<group>"; };
		84B6B6201ED0325C00359FB7 /* HVMovieRelativeModel.m */ = {isa = PBXFileReference; fileEncoding = 4; lastKnownFileType = sourcecode.c.objc; path = HVMovieRelativeModel.m; sourceTree = "<group>"; };
		84BD75261EC0D0F300AA8CFB /* HVHomeDetail.h */ = {isa = PBXFileReference; fileEncoding = 4; lastKnownFileType = sourcecode.c.h; path = HVHomeDetail.h; sourceTree = "<group>"; };
		84BD75271EC0D0F300AA8CFB /* HVHomeDetail.m */ = {isa = PBXFileReference; fileEncoding = 4; lastKnownFileType = sourcecode.c.objc; path = HVHomeDetail.m; sourceTree = "<group>"; };
		84C255601ECA01CA0023A46C /* MMDrawerBarButtonItem.h */ = {isa = PBXFileReference; fileEncoding = 4; lastKnownFileType = sourcecode.c.h; name = MMDrawerBarButtonItem.h; path = ../MMDrawerBarButtonItem.h; sourceTree = "<group>"; };
		84C255611ECA01CA0023A46C /* MMDrawerBarButtonItem.m */ = {isa = PBXFileReference; fileEncoding = 4; lastKnownFileType = sourcecode.c.objc; name = MMDrawerBarButtonItem.m; path = ../MMDrawerBarButtonItem.m; sourceTree = "<group>"; };
		84C255621ECA01CA0023A46C /* MMDrawerController.h */ = {isa = PBXFileReference; fileEncoding = 4; lastKnownFileType = sourcecode.c.h; name = MMDrawerController.h; path = HDVideo/MVC/Controller/Menu/MMDrawerController.h; sourceTree = SOURCE_ROOT; };
		84C255631ECA01CA0023A46C /* MMDrawerController.m */ = {isa = PBXFileReference; fileEncoding = 4; lastKnownFileType = sourcecode.c.objc; name = MMDrawerController.m; path = HDVideo/MVC/Controller/Menu/MMDrawerController.m; sourceTree = SOURCE_ROOT; };
		84C255641ECA01CA0023A46C /* MMDrawerController+Subclass.h */ = {isa = PBXFileReference; fileEncoding = 4; lastKnownFileType = sourcecode.c.h; name = "MMDrawerController+Subclass.h"; path = "HDVideo/MVC/Controller/Menu/MMDrawerController+Subclass.h"; sourceTree = SOURCE_ROOT; };
		84C255651ECA01CA0023A46C /* MMDrawerVisualState.h */ = {isa = PBXFileReference; fileEncoding = 4; lastKnownFileType = sourcecode.c.h; name = MMDrawerVisualState.h; path = ../MMDrawerVisualState.h; sourceTree = "<group>"; };
		84C255661ECA01CA0023A46C /* MMDrawerVisualState.m */ = {isa = PBXFileReference; fileEncoding = 4; lastKnownFileType = sourcecode.c.objc; name = MMDrawerVisualState.m; path = ../MMDrawerVisualState.m; sourceTree = "<group>"; };
		84C255671ECA01CA0023A46C /* UIViewController+MMDrawerController.h */ = {isa = PBXFileReference; fileEncoding = 4; lastKnownFileType = sourcecode.c.h; name = "UIViewController+MMDrawerController.h"; path = "../UIViewController+MMDrawerController.h"; sourceTree = "<group>"; };
		84C255681ECA01CA0023A46C /* UIViewController+MMDrawerController.m */ = {isa = PBXFileReference; fileEncoding = 4; lastKnownFileType = sourcecode.c.objc; name = "UIViewController+MMDrawerController.m"; path = "../UIViewController+MMDrawerController.m"; sourceTree = "<group>"; };
		84D4CE151EC40A5300B3976A /* HVCollectionReusableView.h */ = {isa = PBXFileReference; fileEncoding = 4; lastKnownFileType = sourcecode.c.h; path = HVCollectionReusableView.h; sourceTree = "<group>"; };
		84D4CE161EC40A5300B3976A /* HVCollectionReusableView.m */ = {isa = PBXFileReference; fileEncoding = 4; lastKnownFileType = sourcecode.c.objc; path = HVCollectionReusableView.m; sourceTree = "<group>"; };
		84F1BC2C1ECEF41C00E941DA /* logo.jpeg */ = {isa = PBXFileReference; lastKnownFileType = image.jpeg; path = logo.jpeg; sourceTree = "<group>"; };
		84F1BC2E1ECEF4E900E941DA /* logo2.jpg */ = {isa = PBXFileReference; lastKnownFileType = image.jpeg; path = logo2.jpg; sourceTree = "<group>"; };
		84F1BC311ECF3AB100E941DA /* HVCollectionViewCellDeatail.h */ = {isa = PBXFileReference; fileEncoding = 4; lastKnownFileType = sourcecode.c.h; path = HVCollectionViewCellDeatail.h; sourceTree = "<group>"; };
		84F1BC321ECF3AB100E941DA /* HVCollectionViewCellDeatail.m */ = {isa = PBXFileReference; fileEncoding = 4; lastKnownFileType = sourcecode.c.objc; path = HVCollectionViewCellDeatail.m; sourceTree = "<group>"; };
		84F3B4291EB042C200B079E5 /* HDVideo.app */ = {isa = PBXFileReference; explicitFileType = wrapper.application; includeInIndex = 0; path = HDVideo.app; sourceTree = BUILT_PRODUCTS_DIR; };
		84F3B4441EB0499900B079E5 /* AppDelegate.h */ = {isa = PBXFileReference; fileEncoding = 4; lastKnownFileType = sourcecode.c.h; path = AppDelegate.h; sourceTree = "<group>"; };
		84F3B4451EB0499900B079E5 /* AppDelegate.m */ = {isa = PBXFileReference; fileEncoding = 4; lastKnownFileType = sourcecode.c.objc; path = AppDelegate.m; sourceTree = "<group>"; };
		84F3B4461EB0499900B079E5 /* Info.plist */ = {isa = PBXFileReference; fileEncoding = 4; lastKnownFileType = text.plist.xml; path = Info.plist; sourceTree = "<group>"; };
		84F3B4471EB0499900B079E5 /* main.m */ = {isa = PBXFileReference; fileEncoding = 4; lastKnownFileType = sourcecode.c.objc; path = main.m; sourceTree = "<group>"; };
		84F3B44F1EB0499900B079E5 /* Assets.xcassets */ = {isa = PBXFileReference; lastKnownFileType = folder.assetcatalog; path = Assets.xcassets; sourceTree = "<group>"; };
		84F3B4511EB0499900B079E5 /* Base */ = {isa = PBXFileReference; lastKnownFileType = file.storyboard; name = Base; path = Base.lproj/LaunchScreen.storyboard; sourceTree = "<group>"; };
		84F3B4531EB0499900B079E5 /* Base */ = {isa = PBXFileReference; lastKnownFileType = file.storyboard; name = Base; path = Base.lproj/Main.storyboard; sourceTree = "<group>"; };
		84F3B45B1EB04A0700B079E5 /* HVBaseVC.h */ = {isa = PBXFileReference; fileEncoding = 4; lastKnownFileType = sourcecode.c.h; path = HVBaseVC.h; sourceTree = "<group>"; };
		84F3B45C1EB04A0700B079E5 /* HVBaseVC.m */ = {isa = PBXFileReference; fileEncoding = 4; lastKnownFileType = sourcecode.c.objc; path = HVBaseVC.m; sourceTree = "<group>"; };
		84F3B4621EB04A6300B079E5 /* HVHomeVC.h */ = {isa = PBXFileReference; fileEncoding = 4; lastKnownFileType = sourcecode.c.h; path = HVHomeVC.h; sourceTree = "<group>"; };
		84F3B4631EB04A6300B079E5 /* HVHomeVC.m */ = {isa = PBXFileReference; fileEncoding = 4; lastKnownFileType = sourcecode.c.objc; path = HVHomeVC.m; sourceTree = "<group>"; };
		84F3B4661EB04AA600B079E5 /* HVNetworkManager.h */ = {isa = PBXFileReference; fileEncoding = 4; lastKnownFileType = sourcecode.c.h; path = HVNetworkManager.h; sourceTree = "<group>"; };
		84F3B4671EB04AA600B079E5 /* HVNetworkManager.m */ = {isa = PBXFileReference; fileEncoding = 4; lastKnownFileType = sourcecode.c.objc; path = HVNetworkManager.m; sourceTree = "<group>"; };
		84F3B4691EB04ACC00B079E5 /* HVResponseObject.h */ = {isa = PBXFileReference; fileEncoding = 4; lastKnownFileType = sourcecode.c.h; path = HVResponseObject.h; sourceTree = "<group>"; };
		84F3B46A1EB04ACC00B079E5 /* HVResponseObject.m */ = {isa = PBXFileReference; fileEncoding = 4; lastKnownFileType = sourcecode.c.objc; name = HVResponseObject.m; path = ../../Manager/Network/HVResponseObject.m; sourceTree = "<group>"; };
		84F3B46F1EB04C8300B079E5 /* HVConfig.h */ = {isa = PBXFileReference; fileEncoding = 4; lastKnownFileType = sourcecode.c.h; path = HVConfig.h; sourceTree = "<group>"; };
		84F3B4701EB04C9000B079E5 /* HVString.h */ = {isa = PBXFileReference; fileEncoding = 4; lastKnownFileType = sourcecode.c.h; path = HVString.h; sourceTree = "<group>"; };
		84F3B4711EB0529700B079E5 /* HVUtil.h */ = {isa = PBXFileReference; fileEncoding = 4; lastKnownFileType = sourcecode.c.h; path = HVUtil.h; sourceTree = "<group>"; };
		84F3B4721EB0529700B079E5 /* HVUtil.m */ = {isa = PBXFileReference; fileEncoding = 4; lastKnownFileType = sourcecode.c.objc; path = HVUtil.m; sourceTree = "<group>"; };
		84FAA7A11EC6162E0050C095 /* menu.png */ = {isa = PBXFileReference; lastKnownFileType = image.png; path = menu.png; sourceTree = "<group>"; };
		FD1A58087492E130EAA6B40F /* libPods-HDVideo.a */ = {isa = PBXFileReference; explicitFileType = archive.ar; includeInIndex = 0; path = "libPods-HDVideo.a"; sourceTree = BUILT_PRODUCTS_DIR; };
/* End PBXFileReference section */

/* Begin PBXFrameworksBuildPhase section */
		84F3B4261EB042C200B079E5 /* Frameworks */ = {
			isa = PBXFrameworksBuildPhase;
			buildActionMask = 2147483647;
			files = (
				84AFFD001EC1C7360014057D /* MediaPlayer.framework in Frameworks */,
				84AFFCFE1EC1C7170014057D /* Foundation.framework in Frameworks */,
				84AFFCFC1EC1C7010014057D /* UIKit.framework in Frameworks */,
				84AFFCFA1EC1C6F20014057D /* CoreGraphics.framework in Frameworks */,
				777F0EFAFADB5B4495C0DF9D /* libPods-HDVideo.a in Frameworks */,
			);
			runOnlyForDeploymentPostprocessing = 0;
		};
/* End PBXFrameworksBuildPhase section */

/* Begin PBXGroup section */
		03AFC0D482BAD5028E5CF3E3 /* Frameworks */ = {
			isa = PBXGroup;
			children = (
				84AFFCFF1EC1C7360014057D /* MediaPlayer.framework */,
				84AFFCFD1EC1C7170014057D /* Foundation.framework */,
				84AFFCFB1EC1C7010014057D /* UIKit.framework */,
				84AFFCF91EC1C6F20014057D /* CoreGraphics.framework */,
				FD1A58087492E130EAA6B40F /* libPods-HDVideo.a */,
			);
			name = Frameworks;
			sourceTree = "<group>";
		};
		841AFF681ECAB27B006532A9 /* viewDetailMenu */ = {
			isa = PBXGroup;
			children = (
				841AFF691ECAB295006532A9 /* HVViewDetailMenu.h */,
				841AFF6A1ECAB295006532A9 /* HVViewDetailMenu.m */,
				84296A961ECCA90400E5D4B6 /* HVCollectionViewCellDetailMenu.h */,
				84296A971ECCA90400E5D4B6 /* HVCollectionViewCellDetailMenu.m */,
				841AFF6C1ECABAD5006532A9 /* HeaderDetailMenu */,
			);
			path = viewDetailMenu;
			sourceTree = "<group>";
		};
		841AFF6C1ECABAD5006532A9 /* HeaderDetailMenu */ = {
			isa = PBXGroup;
			children = (
				841AFF6D1ECABB43006532A9 /* HVCollectionHeaderView.h */,
				841AFF6E1ECABB43006532A9 /* HVCollectionHeaderView.m */,
			);
			path = HeaderDetailMenu;
			sourceTree = "<group>";
		};
		84513DE81ECDEE9300CC84F9 /* Search */ = {
			isa = PBXGroup;
			children = (
				84513DE91ECDEEC800CC84F9 /* HVSearchVC.h */,
				84513DEA1ECDEEC800CC84F9 /* HVSearchVC.m */,
			);
			path = Search;
			sourceTree = "<group>";
		};
		84AFFCF61EC197D80014057D /* image */ = {
			isa = PBXGroup;
			children = (
				84F1BC2C1ECEF41C00E941DA /* logo.jpeg */,
				84296A991ECCD33E00E5D4B6 /* avatarAppMovie.png */,
				84FAA7A11EC6162E0050C095 /* menu.png */,
				84AFFCF71EC197E70014057D /* play.png */,
				84513DE61ECDEDAC00CC84F9 /* Search.png */,
				84F1BC2E1ECEF4E900E941DA /* logo2.jpg */,
			);
			path = image;
			sourceTree = "<group>";
		};
		84BD75251EC0D0C700AA8CFB /* HomeDetailView */ = {
			isa = PBXGroup;
			children = (
				84BD75261EC0D0F300AA8CFB /* HVHomeDetail.h */,
				84BD75271EC0D0F300AA8CFB /* HVHomeDetail.m */,
				84F1BC301ECF3A5B00E941DA /* CollectionViewCell */,
			);
			path = HomeDetailView;
			sourceTree = "<group>";
		};
		84C2556D1ECA02E40023A46C /* ViewMenu */ = {
			isa = PBXGroup;
			children = (
				841AFF651ECAAB1F006532A9 /* HVViewControllerMenu.h */,
				841AFF661ECAAB1F006532A9 /* HVViewControllerMenu.m */,
				841AFF681ECAB27B006532A9 /* viewDetailMenu */,
			);
			path = ViewMenu;
			sourceTree = "<group>";
		};
		84C2556E1ECA032E0023A46C /* MMDrawerController */ = {
			isa = PBXGroup;
			children = (
				84C255601ECA01CA0023A46C /* MMDrawerBarButtonItem.h */,
				84C255611ECA01CA0023A46C /* MMDrawerBarButtonItem.m */,
				84C255621ECA01CA0023A46C /* MMDrawerController.h */,
				84C255631ECA01CA0023A46C /* MMDrawerController.m */,
				84C255641ECA01CA0023A46C /* MMDrawerController+Subclass.h */,
				84C255651ECA01CA0023A46C /* MMDrawerVisualState.h */,
				84C255661ECA01CA0023A46C /* MMDrawerVisualState.m */,
				84C255671ECA01CA0023A46C /* UIViewController+MMDrawerController.h */,
				84C255681ECA01CA0023A46C /* UIViewController+MMDrawerController.m */,
			);
			path = MMDrawerController;
			sourceTree = "<group>";
		};
		84F1BC301ECF3A5B00E941DA /* CollectionViewCell */ = {
			isa = PBXGroup;
			children = (
				84F1BC311ECF3AB100E941DA /* HVCollectionViewCellDeatail.h */,
				84F1BC321ECF3AB100E941DA /* HVCollectionViewCellDeatail.m */,
			);
			path = CollectionViewCell;
			sourceTree = "<group>";
		};
		84F3B4201EB042C200B079E5 = {
			isa = PBXGroup;
			children = (
				84F3B42B1EB042C200B079E5 /* HDVideo */,
				84F3B42A1EB042C200B079E5 /* Products */,
				8A15B92462ABB4AB147452E2 /* Pods */,
				03AFC0D482BAD5028E5CF3E3 /* Frameworks */,
			);
			sourceTree = "<group>";
		};
		84F3B42A1EB042C200B079E5 /* Products */ = {
			isa = PBXGroup;
			children = (
				84F3B4291EB042C200B079E5 /* HDVideo.app */,
			);
			name = Products;
			sourceTree = "<group>";
		};
		84F3B42B1EB042C200B079E5 /* HDVideo */ = {
			isa = PBXGroup;
			children = (
				84F3B46C1EB04BBA00B079E5 /* Common */,
				84F3B4431EB0499900B079E5 /* Application */,
				84F3B4481EB0499900B079E5 /* Library */,
				84F3B4491EB0499900B079E5 /* Manager */,
				84F3B44A1EB0499900B079E5 /* MVC */,
				84F3B44E1EB0499900B079E5 /* Resource */,
			);
			path = HDVideo;
			sourceTree = "<group>";
		};
		84F3B4431EB0499900B079E5 /* Application */ = {
			isa = PBXGroup;
			children = (
				84F3B4441EB0499900B079E5 /* AppDelegate.h */,
				84F3B4451EB0499900B079E5 /* AppDelegate.m */,
				84F3B4461EB0499900B079E5 /* Info.plist */,
				84F3B4471EB0499900B079E5 /* main.m */,
			);
			path = Application;
			sourceTree = "<group>";
		};
		84F3B4481EB0499900B079E5 /* Library */ = {
			isa = PBXGroup;
			children = (
			);
			path = Library;
			sourceTree = "<group>";
		};
		84F3B4491EB0499900B079E5 /* Manager */ = {
			isa = PBXGroup;
			children = (
				84F3B4651EB04A9000B079E5 /* Network */,
			);
			path = Manager;
			sourceTree = "<group>";
		};
		84F3B44A1EB0499900B079E5 /* MVC */ = {
			isa = PBXGroup;
			children = (
				84F3B45A1EB049C400B079E5 /* Base */,
				84F3B44B1EB0499900B079E5 /* Controller */,
				84F3B44C1EB0499900B079E5 /* Model */,
				84F3B44D1EB0499900B079E5 /* View */,
			);
			path = MVC;
			sourceTree = "<group>";
		};
		84F3B44B1EB0499900B079E5 /* Controller */ = {
			isa = PBXGroup;
			children = (
				84513DE81ECDEE9300CC84F9 /* Search */,
				84BD75251EC0D0C700AA8CFB /* HomeDetailView */,
				84F3B45E1EB04A4A00B079E5 /* Home */,
				84AFFCF61EC197D80014057D /* image */,
				84F3B45F1EB04A4A00B079E5 /* Menu */,
				84F3B4601EB04A4A00B079E5 /* Movie */,
				84F3B4611EB04A4A00B079E5 /* Play */,
			);
			path = Controller;
			sourceTree = "<group>";
		};
		84F3B44C1EB0499900B079E5 /* Model */ = {
			isa = PBXGroup;
			children = (
				844C437F1EBCDDE10063080F /* HVMovieByCatgoryModel.h */,
				844C43801EBCDDE10063080F /* HVMovieByCatgoryModel.m */,
				844C43821EBCDE530063080F /* HVMovieModel.h */,
				844C43831EBCDE530063080F /* HVMovieModel.m */,
				84320BE51EC225430003F117 /* HVPlayMovie.h */,
				84320BE61EC225430003F117 /* HVPlayMovie.m */,
				84296A931ECC4A8E00E5D4B6 /* HVMovieCategoryMenu.h */,
				84296A941ECC4A8E00E5D4B6 /* HVMovieCategoryMenu.m */,
				84B6B61F1ED0325C00359FB7 /* HVMovieRelativeModel.h */,
				84B6B6201ED0325C00359FB7 /* HVMovieRelativeModel.m */,
			);
			path = Model;
			sourceTree = "<group>";
		};
		84F3B44D1EB0499900B079E5 /* View */ = {
			isa = PBXGroup;
			children = (
				841233FD1EC306FD00890759 /* HVCollectionViewCell.h */,
				841233FE1EC306FD00890759 /* HVCollectionViewCell.m */,
				84D4CE151EC40A5300B3976A /* HVCollectionReusableView.h */,
				84D4CE161EC40A5300B3976A /* HVCollectionReusableView.m */,
			);
			path = View;
			sourceTree = "<group>";
		};
		84F3B44E1EB0499900B079E5 /* Resource */ = {
			isa = PBXGroup;
			children = (
				84F3B44F1EB0499900B079E5 /* Assets.xcassets */,
				84F3B4501EB0499900B079E5 /* LaunchScreen.storyboard */,
				84F3B4521EB0499900B079E5 /* Main.storyboard */,
			);
			path = Resource;
			sourceTree = "<group>";
		};
		84F3B45A1EB049C400B079E5 /* Base */ = {
			isa = PBXGroup;
			children = (
				84F3B46A1EB04ACC00B079E5 /* HVResponseObject.m */,
				84F3B45B1EB04A0700B079E5 /* HVBaseVC.h */,
				84F3B45C1EB04A0700B079E5 /* HVBaseVC.m */,
			);
			path = Base;
			sourceTree = "<group>";
		};
		84F3B45E1EB04A4A00B079E5 /* Home */ = {
			isa = PBXGroup;
			children = (
				84F3B4621EB04A6300B079E5 /* HVHomeVC.h */,
				84F3B4631EB04A6300B079E5 /* HVHomeVC.m */,
			);
			path = Home;
			sourceTree = "<group>";
		};
		84F3B45F1EB04A4A00B079E5 /* Menu */ = {
			isa = PBXGroup;
			children = (
				84C2556E1ECA032E0023A46C /* MMDrawerController */,
				84C2556D1ECA02E40023A46C /* ViewMenu */,
			);
			path = Menu;
			sourceTree = "<group>";
		};
		84F3B4601EB04A4A00B079E5 /* Movie */ = {
			isa = PBXGroup;
			children = (
			);
			path = Movie;
			sourceTree = "<group>";
		};
		84F3B4611EB04A4A00B079E5 /* Play */ = {
			isa = PBXGroup;
			children = (
			);
			path = Play;
			sourceTree = "<group>";
		};
		84F3B4651EB04A9000B079E5 /* Network */ = {
			isa = PBXGroup;
			children = (
				84F3B4661EB04AA600B079E5 /* HVNetworkManager.h */,
				84F3B4671EB04AA600B079E5 /* HVNetworkManager.m */,
				84F3B4691EB04ACC00B079E5 /* HVResponseObject.h */,
			);
			path = Network;
			sourceTree = "<group>";
		};
		84F3B46C1EB04BBA00B079E5 /* Common */ = {
			isa = PBXGroup;
			children = (
				84F3B46F1EB04C8300B079E5 /* HVConfig.h */,
				84F3B4701EB04C9000B079E5 /* HVString.h */,
				84F3B4711EB0529700B079E5 /* HVUtil.h */,
				84F3B4721EB0529700B079E5 /* HVUtil.m */,
			);
			path = Common;
			sourceTree = "<group>";
		};
		8A15B92462ABB4AB147452E2 /* Pods */ = {
			isa = PBXGroup;
			children = (
				4A56429BE2B3CC86FD089AA4 /* Pods-HDVideo.debug.xcconfig */,
				081695558B7CD2A502824211 /* Pods-HDVideo.release.xcconfig */,
			);
			name = Pods;
			sourceTree = "<group>";
		};
/* End PBXGroup section */

/* Begin PBXNativeTarget section */
		84F3B4281EB042C200B079E5 /* HDVideo */ = {
			isa = PBXNativeTarget;
			buildConfigurationList = 84F3B4401EB042C200B079E5 /* Build configuration list for PBXNativeTarget "HDVideo" */;
			buildPhases = (
				4C71ACCAFCC2F2795564A49C /* [CP] Check Pods Manifest.lock */,
				84F3B4251EB042C200B079E5 /* Sources */,
				84F3B4261EB042C200B079E5 /* Frameworks */,
				84F3B4271EB042C200B079E5 /* Resources */,
				7A672F6D0AC03AAFAED07C15 /* [CP] Embed Pods Frameworks */,
				C5BB3CCC1C03129B7F82E801 /* [CP] Copy Pods Resources */,
			);
			buildRules = (
			);
			dependencies = (
			);
			name = HDVideo;
			productName = HDVideo;
			productReference = 84F3B4291EB042C200B079E5 /* HDVideo.app */;
			productType = "com.apple.product-type.application";
		};
/* End PBXNativeTarget section */

/* Begin PBXProject section */
		84F3B4211EB042C200B079E5 /* Project object */ = {
			isa = PBXProject;
			attributes = {
				CLASSPREFIX = HV;
				LastUpgradeCheck = 0830;
				ORGANIZATIONNAME = MyStudio;
				TargetAttributes = {
					84F3B4281EB042C200B079E5 = {
						CreatedOnToolsVersion = 8.3;
						DevelopmentTeam = 84RK425W2T;
						ProvisioningStyle = Automatic;
					};
				};
			};
			buildConfigurationList = 84F3B4241EB042C200B079E5 /* Build configuration list for PBXProject "HDVideo" */;
			compatibilityVersion = "Xcode 3.2";
			developmentRegion = English;
			hasScannedForEncodings = 0;
			knownRegions = (
				en,
				Base,
			);
			mainGroup = 84F3B4201EB042C200B079E5;
			productRefGroup = 84F3B42A1EB042C200B079E5 /* Products */;
			projectDirPath = "";
			projectRoot = "";
			targets = (
				84F3B4281EB042C200B079E5 /* HDVideo */,
			);
		};
/* End PBXProject section */

/* Begin PBXResourcesBuildPhase section */
		84F3B4271EB042C200B079E5 /* Resources */ = {
			isa = PBXResourcesBuildPhase;
			buildActionMask = 2147483647;
			files = (
				84F3B4581EB0499900B079E5 /* LaunchScreen.storyboard in Resources */,
				84296A9A1ECCD33E00E5D4B6 /* avatarAppMovie.png in Resources */,
				84FAA7A21EC6162E0050C095 /* menu.png in Resources */,
				84F3B4571EB0499900B079E5 /* Assets.xcassets in Resources */,
				84F1BC2F1ECEF4E900E941DA /* logo2.jpg in Resources */,
				84F3B4591EB0499900B079E5 /* Main.storyboard in Resources */,
				84513DE71ECDEDAC00CC84F9 /* Search.png in Resources */,
				84F1BC2D1ECEF41C00E941DA /* logo.jpeg in Resources */,
				84AFFCF81EC197E70014057D /* play.png in Resources */,
			);
			runOnlyForDeploymentPostprocessing = 0;
		};
/* End PBXResourcesBuildPhase section */

/* Begin PBXShellScriptBuildPhase section */
		4C71ACCAFCC2F2795564A49C /* [CP] Check Pods Manifest.lock */ = {
			isa = PBXShellScriptBuildPhase;
			buildActionMask = 2147483647;
			files = (
			);
			inputPaths = (
			);
			name = "[CP] Check Pods Manifest.lock";
			outputPaths = (
			);
			runOnlyForDeploymentPostprocessing = 0;
			shellPath = /bin/sh;
			shellScript = "diff \"${PODS_ROOT}/../Podfile.lock\" \"${PODS_ROOT}/Manifest.lock\" > /dev/null\nif [ $? != 0 ] ; then\n    # print error to STDERR\n    echo \"error: The sandbox is not in sync with the Podfile.lock. Run 'pod install' or update your CocoaPods installation.\" >&2\n    exit 1\nfi\n";
			showEnvVarsInLog = 0;
		};
		7A672F6D0AC03AAFAED07C15 /* [CP] Embed Pods Frameworks */ = {
			isa = PBXShellScriptBuildPhase;
			buildActionMask = 2147483647;
			files = (
			);
			inputPaths = (
			);
			name = "[CP] Embed Pods Frameworks";
			outputPaths = (
			);
			runOnlyForDeploymentPostprocessing = 0;
			shellPath = /bin/sh;
			shellScript = "\"${SRCROOT}/Pods/Target Support Files/Pods-HDVideo/Pods-HDVideo-frameworks.sh\"\n";
			showEnvVarsInLog = 0;
		};
		C5BB3CCC1C03129B7F82E801 /* [CP] Copy Pods Resources */ = {
			isa = PBXShellScriptBuildPhase;
			buildActionMask = 2147483647;
			files = (
			);
			inputPaths = (
			);
			name = "[CP] Copy Pods Resources";
			outputPaths = (
			);
			runOnlyForDeploymentPostprocessing = 0;
			shellPath = /bin/sh;
			shellScript = "\"${SRCROOT}/Pods/Target Support Files/Pods-HDVideo/Pods-HDVideo-resources.sh\"\n";
			showEnvVarsInLog = 0;
		};
/* End PBXShellScriptBuildPhase section */

/* Begin PBXSourcesBuildPhase section */
		84F3B4251EB042C200B079E5 /* Sources */ = {
			isa = PBXSourcesBuildPhase;
			buildActionMask = 2147483647;
			files = (
				84320BE71EC225430003F117 /* HVPlayMovie.m in Sources */,
				84296A951ECC4A8E00E5D4B6 /* HVMovieCategoryMenu.m in Sources */,
				841AFF6F1ECABB43006532A9 /* HVCollectionHeaderView.m in Sources */,
				841AFF671ECAAB1F006532A9 /* HVViewControllerMenu.m in Sources */,
				84C2556A1ECA01CA0023A46C /* MMDrawerController.m in Sources */,
				844C43811EBCDDE10063080F /* HVMovieByCatgoryModel.m in Sources */,
				841233FF1EC306FD00890759 /* HVCollectionViewCell.m in Sources */,
				84C2556B1ECA01CA0023A46C /* MMDrawerVisualState.m in Sources */,
				84F3B4561EB0499900B079E5 /* main.m in Sources */,
				84BD75281EC0D0F300AA8CFB /* HVHomeDetail.m in Sources */,
				84F3B4681EB04AA600B079E5 /* HVNetworkManager.m in Sources */,
				84C2556C1ECA01CA0023A46C /* UIViewController+MMDrawerController.m in Sources */,
				84F3B4641EB04A6300B079E5 /* HVHomeVC.m in Sources */,
				84F3B45D1EB04A0700B079E5 /* HVBaseVC.m in Sources */,
				84513DEB1ECDEEC800CC84F9 /* HVSearchVC.m in Sources */,
				84F3B4541EB0499900B079E5 /* AppDelegate.m in Sources */,
				84F3B46B1EB04ACC00B079E5 /* HVResponseObject.m in Sources */,
				84F1BC331ECF3AB100E941DA /* HVCollectionViewCellDeatail.m in Sources */,
				844C43841EBCDE530063080F /* HVMovieModel.m in Sources */,
				84D4CE171EC40A5300B3976A /* HVCollectionReusableView.m in Sources */,
				84296A981ECCA90400E5D4B6 /* HVCollectionViewCellDetailMenu.m in Sources */,
				84F3B4731EB0529700B079E5 /* HVUtil.m in Sources */,
				84B6B6211ED0325C00359FB7 /* HVMovieRelativeModel.m in Sources */,
				841AFF6B1ECAB295006532A9 /* HVViewDetailMenu.m in Sources */,
				84C255691ECA01CA0023A46C /* MMDrawerBarButtonItem.m in Sources */,
			);
			runOnlyForDeploymentPostprocessing = 0;
		};
/* End PBXSourcesBuildPhase section */

/* Begin PBXVariantGroup section */
		84F3B4501EB0499900B079E5 /* LaunchScreen.storyboard */ = {
			isa = PBXVariantGroup;
			children = (
				84F3B4511EB0499900B079E5 /* Base */,
			);
			name = LaunchScreen.storyboard;
			sourceTree = "<group>";
		};
		84F3B4521EB0499900B079E5 /* Main.storyboard */ = {
			isa = PBXVariantGroup;
			children = (
				84F3B4531EB0499900B079E5 /* Base */,
			);
			name = Main.storyboard;
			sourceTree = "<group>";
		};
/* End PBXVariantGroup section */

/* Begin XCBuildConfiguration section */
		84F3B43E1EB042C200B079E5 /* Debug */ = {
			isa = XCBuildConfiguration;
			buildSettings = {
				ALWAYS_SEARCH_USER_PATHS = NO;
				CLANG_ANALYZER_NONNULL = YES;
				CLANG_ANALYZER_NUMBER_OBJECT_CONVERSION = YES_AGGRESSIVE;
				CLANG_CXX_LANGUAGE_STANDARD = "gnu++0x";
				CLANG_CXX_LIBRARY = "libc++";
				CLANG_ENABLE_MODULES = YES;
				CLANG_ENABLE_OBJC_ARC = YES;
				CLANG_WARN_BOOL_CONVERSION = YES;
				CLANG_WARN_CONSTANT_CONVERSION = YES;
				CLANG_WARN_DIRECT_OBJC_ISA_USAGE = YES_ERROR;
				CLANG_WARN_DOCUMENTATION_COMMENTS = YES;
				CLANG_WARN_EMPTY_BODY = YES;
				CLANG_WARN_ENUM_CONVERSION = YES;
				CLANG_WARN_INFINITE_RECURSION = YES;
				CLANG_WARN_INT_CONVERSION = YES;
				CLANG_WARN_OBJC_ROOT_CLASS = YES_ERROR;
				CLANG_WARN_SUSPICIOUS_MOVE = YES;
				CLANG_WARN_UNREACHABLE_CODE = YES;
				CLANG_WARN__DUPLICATE_METHOD_MATCH = YES;
				"CODE_SIGN_IDENTITY[sdk=iphoneos*]" = "iPhone Developer";
				COPY_PHASE_STRIP = NO;
				DEBUG_INFORMATION_FORMAT = dwarf;
				ENABLE_STRICT_OBJC_MSGSEND = YES;
				ENABLE_TESTABILITY = YES;
				GCC_C_LANGUAGE_STANDARD = gnu99;
				GCC_DYNAMIC_NO_PIC = NO;
				GCC_NO_COMMON_BLOCKS = YES;
				GCC_OPTIMIZATION_LEVEL = 0;
				GCC_PREPROCESSOR_DEFINITIONS = (
					"DEBUG=1",
					"$(inherited)",
				);
				GCC_WARN_64_TO_32_BIT_CONVERSION = YES;
				GCC_WARN_ABOUT_RETURN_TYPE = YES_ERROR;
				GCC_WARN_UNDECLARED_SELECTOR = YES;
				GCC_WARN_UNINITIALIZED_AUTOS = YES_AGGRESSIVE;
				GCC_WARN_UNUSED_FUNCTION = YES;
				GCC_WARN_UNUSED_VARIABLE = YES;
				IPHONEOS_DEPLOYMENT_TARGET = 9.0;
				MTL_ENABLE_DEBUG_INFO = YES;
				ONLY_ACTIVE_ARCH = YES;
				SDKROOT = iphoneos;
				TARGETED_DEVICE_FAMILY = "1,2";
			};
			name = Debug;
		};
		84F3B43F1EB042C200B079E5 /* Release */ = {
			isa = XCBuildConfiguration;
			buildSettings = {
				ALWAYS_SEARCH_USER_PATHS = NO;
				CLANG_ANALYZER_NONNULL = YES;
				CLANG_ANALYZER_NUMBER_OBJECT_CONVERSION = YES_AGGRESSIVE;
				CLANG_CXX_LANGUAGE_STANDARD = "gnu++0x";
				CLANG_CXX_LIBRARY = "libc++";
				CLANG_ENABLE_MODULES = YES;
				CLANG_ENABLE_OBJC_ARC = YES;
				CLANG_WARN_BOOL_CONVERSION = YES;
				CLANG_WARN_CONSTANT_CONVERSION = YES;
				CLANG_WARN_DIRECT_OBJC_ISA_USAGE = YES_ERROR;
				CLANG_WARN_DOCUMENTATION_COMMENTS = YES;
				CLANG_WARN_EMPTY_BODY = YES;
				CLANG_WARN_ENUM_CONVERSION = YES;
				CLANG_WARN_INFINITE_RECURSION = YES;
				CLANG_WARN_INT_CONVERSION = YES;
				CLANG_WARN_OBJC_ROOT_CLASS = YES_ERROR;
				CLANG_WARN_SUSPICIOUS_MOVE = YES;
				CLANG_WARN_UNREACHABLE_CODE = YES;
				CLANG_WARN__DUPLICATE_METHOD_MATCH = YES;
				"CODE_SIGN_IDENTITY[sdk=iphoneos*]" = "iPhone Developer";
				COPY_PHASE_STRIP = NO;
				DEBUG_INFORMATION_FORMAT = "dwarf-with-dsym";
				ENABLE_NS_ASSERTIONS = NO;
				ENABLE_STRICT_OBJC_MSGSEND = YES;
				GCC_C_LANGUAGE_STANDARD = gnu99;
				GCC_NO_COMMON_BLOCKS = YES;
				GCC_WARN_64_TO_32_BIT_CONVERSION = YES;
				GCC_WARN_ABOUT_RETURN_TYPE = YES_ERROR;
				GCC_WARN_UNDECLARED_SELECTOR = YES;
				GCC_WARN_UNINITIALIZED_AUTOS = YES_AGGRESSIVE;
				GCC_WARN_UNUSED_FUNCTION = YES;
				GCC_WARN_UNUSED_VARIABLE = YES;
				IPHONEOS_DEPLOYMENT_TARGET = 9.0;
				MTL_ENABLE_DEBUG_INFO = NO;
				SDKROOT = iphoneos;
				TARGETED_DEVICE_FAMILY = "1,2";
				VALIDATE_PRODUCT = YES;
			};
			name = Release;
		};
		84F3B4411EB042C200B079E5 /* Debug */ = {
			isa = XCBuildConfiguration;
			baseConfigurationReference = 4A56429BE2B3CC86FD089AA4 /* Pods-HDVideo.debug.xcconfig */;
			buildSettings = {
				ASSETCATALOG_COMPILER_APPICON_NAME = AppIcon;
				DEVELOPMENT_TEAM = 84RK425W2T;
				INFOPLIST_FILE = "$(SRCROOT)/HDVideo/Application/Info.plist";
				IPHONEOS_DEPLOYMENT_TARGET = 9.0;
				LD_RUNPATH_SEARCH_PATHS = "$(inherited) @executable_path/Frameworks";
				PRODUCT_BUNDLE_IDENTIFIER = com.mrtienvu123.HDVideo;
				PRODUCT_NAME = "$(TARGET_NAME)";
			};
			name = Debug;
		};
		84F3B4421EB042C200B079E5 /* Release */ = {
			isa = XCBuildConfiguration;
			baseConfigurationReference = 081695558B7CD2A502824211 /* Pods-HDVideo.release.xcconfig */;
			buildSettings = {
				ASSETCATALOG_COMPILER_APPICON_NAME = AppIcon;
				DEVELOPMENT_TEAM = 84RK425W2T;
				INFOPLIST_FILE = "$(SRCROOT)/HDVideo/Application/Info.plist";
				IPHONEOS_DEPLOYMENT_TARGET = 9.0;
				LD_RUNPATH_SEARCH_PATHS = "$(inherited) @executable_path/Frameworks";
				PRODUCT_BUNDLE_IDENTIFIER = com.mrtienvu123.HDVideo;
				PRODUCT_NAME = "$(TARGET_NAME)";
			};
			name = Release;
		};
/* End XCBuildConfiguration section */

/* Begin XCConfigurationList section */
		84F3B4241EB042C200B079E5 /* Build configuration list for PBXProject "HDVideo" */ = {
			isa = XCConfigurationList;
			buildConfigurations = (
				84F3B43E1EB042C200B079E5 /* Debug */,
				84F3B43F1EB042C200B079E5 /* Release */,
			);
			defaultConfigurationIsVisible = 0;
			defaultConfigurationName = Release;
		};
		84F3B4401EB042C200B079E5 /* Build configuration list for PBXNativeTarget "HDVideo" */ = {
			isa = XCConfigurationList;
			buildConfigurations = (
				84F3B4411EB042C200B079E5 /* Debug */,
				84F3B4421EB042C200B079E5 /* Release */,
			);
			defaultConfigurationIsVisible = 0;
			defaultConfigurationName = Release;
		};
/* End XCConfigurationList section */
	};
	rootObject = 84F3B4211EB042C200B079E5 /* Project object */;
}
